# This file is autogenerated, do not edit; changes may be undone by the next 'dep ensure'.


[[projects]]
  digest = "1:1ac38c116b56bcb0729b224191e3d2bc86883cd0b82d02c3ea0b006db395de91"
  name = "github.com/alecthomas/chroma"
  packages = [
    ".",
    "formatters/html",
    "lexers",
    "lexers/a",
    "lexers/b",
    "lexers/c",
    "lexers/circular",
    "lexers/d",
    "lexers/e",
    "lexers/f",
    "lexers/g",
    "lexers/h",
    "lexers/i",
    "lexers/internal",
    "lexers/j",
    "lexers/k",
    "lexers/l",
    "lexers/m",
    "lexers/n",
    "lexers/o",
    "lexers/p",
    "lexers/q",
    "lexers/r",
    "lexers/s",
    "lexers/t",
    "lexers/v",
    "lexers/w",
    "lexers/x",
    "lexers/y",
    "lexers/z",
    "styles",
  ]
  pruneopts = "UT"
  revision = "v0.9.4"

[[projects]]
  digest = "1:1d760033af7697966e33f900ddd0e68bfa2637b50fa25e7384e45f73f54e3276"
  name = "github.com/dlclark/regexp2"
  packages = [
    ".",
    "syntax",
  ]
  pruneopts = "UT"
  revision = "v1.4.0"

[[projects]]
  branch = "master"
  digest = "1:b1e96c96cf2bfb86229921c95c15c34b56dbaffac891ee24c365ac527aaf5b80"
  name = "golang.org/x/sys"
  packages = [
    "internal/unsafeheader",
    "unix",
  ]
  pruneopts = "UT"
  revision = "da31bd327af904dd4721b4eefa7c505bb3afd214"

[solve-meta]
  analyzer-name = "dep"
  analyzer-version = 1
  input-imports = [
    "github.com/alecthomas/chroma",
    "github.com/alecthomas/chroma/formatters/html",
    "github.com/alecthomas/chroma/lexers",
    "github.com/alecthomas/chroma/styles",
    "golang.org/x/sys/unix",
  ]
  solver-name = "gps-cdcl"
  solver-version = 1
